Microsoft Visual Studio Solution File, Format Version 12.00
# Visual Studio Version 17
VisualStudioVersion = 17.5.2.0
MinimumVisualStudioVersion = 10.0.40219.1
Project("{FAE04EC0-301F-11D3-BF4B-00C04F79EFBC}") = "ExpenseSystem", "ExpenseSystem.csproj", "{7A5DB055-026B-46E2-DB71-D4AD2B213A80}"
EndProject
Global
	GlobalSection(SolutionConfigurationPlatforms) = preSolution
		Debug|Any CPU = Debug|Any CPU
		Release|Any CPU = Release|Any CPU
	EndGlobalSection
	GlobalSection(ProjectConfigurationPlatforms) = postSolution
		{7A5DB055-026B-46E2-DB71-D4AD2B213A80}.Debug|Any CPU.ActiveCfg = Debug|Any CPU
		{7A5DB055-026B-46E2-DB71-D4AD2B213A80}.Debug|Any CPU.Build.0 = Debug|Any CPU
		{7A5DB055-026B-46E2-DB71-D4AD2B213A80}.Release|Any CPU.ActiveCfg = Release|Any CPU
		{7A5DB055-026B-46E2-DB71-D4AD2B213A80}.Release|Any CPU.Build.0 = Release|Any CPU
	EndGlobalSection
	GlobalSection(SolutionProperties) = preSolution
		HideSolutionNode = FALSE
	EndGlobalSection
	GlobalSection(ExtensibilityGlobals) = postSolution
		SolutionGuid = {C02CD9A7-070F-4FD9-95A3-E895BA699003}
	EndGlobalSection
EndGlobal
